PODS:
  - AppGroup (1.0.0)

DEPENDENCIES:
  - AppGroup (from `/Users/mzp/git/cocoapods-app_group/Example/Pods/CocoaPodsAppGroup/`)

EXTERNAL SOURCES:
  AppGroup:
    :path: "/Users/mzp/git/cocoapods-app_group/Example/Pods/CocoaPodsAppGroup/"

SPEC CHECKSUMS:
  AppGroup: 4b6211685d3b66af33e0a6717ec23ec1183fa824

COCOAPODS: 0.39.0
